
Microsoft Visual Studio Solution File, Format Version 12.00
# Visual Studio 2012
Project("{FAE04EC0-301F-11D3-BF4B-00C04F79EFBC}") = "BlackwaterMedicalCentre", "BlackwaterMedicalCentre\BlackwaterMedicalCentre.csproj", "{D6049998-C0A8-4877-8E9D-961EB693254B}"
EndProject
Global
	GlobalSection(SolutionConfigurationPlatforms) = preSolution
		Debug|Any CPU = Debug|Any CPU
		Release|Any CPU = Release|Any CPU
	EndGlobalSection
	GlobalSection(ProjectConfigurationPlatforms) = postSolution
		{D6049998-C0A8-4877-8E9D-961EB693254B}.Debug|Any CPU.ActiveCfg = Debug|Any CPU
		{D6049998-C0A8-4877-8E9D-961EB693254B}.Debug|Any CPU.Build.0 = Debug|Any CPU
		{D6049998-C0A8-4877-8E9D-961EB693254B}.Release|Any CPU.ActiveCfg = Release|Any CPU
		{D6049998-C0A8-4877-8E9D-961EB693254B}.Release|Any CPU.Build.0 = Release|Any CPU
	EndGlobalSection
	GlobalSection(SolutionProperties) = preSolution
		HideSolutionNode = FALSE
	EndGlobalSection
EndGlobal
